
Microsoft Visual Studio Solution File, Format Version 12.00
# Visual Studio Version 16
VisualStudioVersion = 16.0.30523.141
MinimumVisualStudioVersion = 10.0.40219.1
Project("{9A19103F-16F7-4668-BE54-9A1E7A4F7556}") = "TutionSystem_Suraj", "TutionSystem_Suraj\TutionSystem_Suraj.csproj", "{4F3E00B1-F94E-4402-A191-77396B88D9E1}"
EndProject
Global
	GlobalSection(SolutionConfigurationPlatforms) = preSolution
		Debug|Any CPU = Debug|Any CPU
		Release|Any CPU = Release|Any CPU
	EndGlobalSection
	GlobalSection(ProjectConfigurationPlatforms) = postSolution
		{4F3E00B1-F94E-4402-A191-77396B88D9E1}.Debug|Any CPU.ActiveCfg = Debug|Any CPU
		{4F3E00B1-F94E-4402-A191-77396B88D9E1}.Debug|Any CPU.Build.0 = Debug|Any CPU
		{4F3E00B1-F94E-4402-A191-77396B88D9E1}.Release|Any CPU.ActiveCfg = Release|Any CPU
		{4F3E00B1-F94E-4402-A191-77396B88D9E1}.Release|Any CPU.Build.0 = Release|Any CPU
	EndGlobalSection
	GlobalSection(SolutionProperties) = preSolution
		HideSolutionNode = FALSE
	EndGlobalSection
	GlobalSection(ExtensibilityGlobals) = postSolution
		SolutionGuid = {BBDDAAE6-7BAB-4BE3-9489-C96332BC2149}
	EndGlobalSection
EndGlobal
